
Microsoft Visual Studio Solution File, Format Version 12.00
# Visual Studio 15
VisualStudioVersion = 15.0.28010.2048
MinimumVisualStudioVersion = 10.0.40219.1
Project("{8BC9CEB8-8B4A-11D0-8D11-00A0C91BC942}") = "pipe", "pipe\pipe.vcxproj", "{2DD09C2F-2BD6-49F4-A63C-64F5DC7E6D99}"
EndProject
Global
	GlobalSection(SolutionConfigurationPlatforms) = preSolution
		Debug|x64 = Debug|x64
		Debug|x86 = Debug|x86
		Release|x64 = Release|x64
		Release|x86 = Release|x86
	EndGlobalSection
	GlobalSection(ProjectConfigurationPlatforms) = postSolution
		{2DD09C2F-2BD6-49F4-A63C-64F5DC7E6D99}.Debug|x64.ActiveCfg = Debug|x64
		{2DD09C2F-2BD6-49F4-A63C-64F5DC7E6D99}.Debug|x64.Build.0 = Debug|x64
		{2DD09C2F-2BD6-49F4-A63C-64F5DC7E6D99}.Debug|x86.ActiveCfg = Debug|Win32
		{2DD09C2F-2BD6-49F4-A63C-64F5DC7E6D99}.Debug|x86.Build.0 = Debug|Win32
		{2DD09C2F-2BD6-49F4-A63C-64F5DC7E6D99}.Release|x64.ActiveCfg = Release|x64
		{2DD09C2F-2BD6-49F4-A63C-64F5DC7E6D99}.Release|x64.Build.0 = Release|x64
		{2DD09C2F-2BD6-49F4-A63C-64F5DC7E6D99}.Release|x86.ActiveCfg = Release|Win32
		{2DD09C2F-2BD6-49F4-A63C-64F5DC7E6D99}.Release|x86.Build.0 = Release|Win32
	EndGlobalSection
	GlobalSection(SolutionProperties) = preSolution
		HideSolutionNode = FALSE
	EndGlobalSection
	GlobalSection(ExtensibilityGlobals) = postSolution
		SolutionGuid = {0BF653A3-CA04-4453-95C7-CB8A0B236533}
	EndGlobalSection
EndGlobal
